
Microsoft Visual Studio Solution File, Format Version 12.00
# Visual Studio Version 17
VisualStudioVersion = 17.5.33627.172
MinimumVisualStudioVersion = 10.0.40219.1
Project("{9A19103F-16F7-4668-BE54-9A1E7A4F7556}") = "VisaApplicationUI", "VisaApplicationUI.csproj", "{B80F093F-220D-4DCA-96A9-41AC36A2AB81}"
EndProject
Global
	GlobalSection(SolutionConfigurationPlatforms) = preSolution
		Debug|Any CPU = Debug|Any CPU
		Release|Any CPU = Release|Any CPU
	EndGlobalSection
	GlobalSection(ProjectConfigurationPlatforms) = postSolution
		{B80F093F-220D-4DCA-96A9-41AC36A2AB81}.Debug|Any CPU.ActiveCfg = Debug|Any CPU
		{B80F093F-220D-4DCA-96A9-41AC36A2AB81}.Debug|Any CPU.Build.0 = Debug|Any CPU
		{B80F093F-220D-4DCA-96A9-41AC36A2AB81}.Release|Any CPU.ActiveCfg = Release|Any CPU
		{B80F093F-220D-4DCA-96A9-41AC36A2AB81}.Release|Any CPU.Build.0 = Release|Any CPU
	EndGlobalSection
	GlobalSection(SolutionProperties) = preSolution
		HideSolutionNode = FALSE
	EndGlobalSection
	GlobalSection(ExtensibilityGlobals) = postSolution
		SolutionGuid = {45C80397-9C7F-4FDA-9DEF-C58835067CA7}
	EndGlobalSection
EndGlobal
